
Microsoft Visual Studio Solution File, Format Version 12.00
# Visual Studio Version 16
VisualStudioVersion = 16.0.31911.196
MinimumVisualStudioVersion = 10.0.40219.1
Project("{FAE04EC0-301F-11D3-BF4B-00C04F79EFBC}") = "ValidaDownloadByPeakyBlinders", "ValidaDownloadByPeakyBlinders\ValidaDownloadByPeakyBlinders.csproj", "{851AFDB6-6E05-46A0-B023-BC9CE4A5945B}"
EndProject
Global
	GlobalSection(SolutionConfigurationPlatforms) = preSolution
		Debug|Any CPU = Debug|Any CPU
		Release|Any CPU = Release|Any CPU
	EndGlobalSection
	GlobalSection(ProjectConfigurationPlatforms) = postSolution
		{851AFDB6-6E05-46A0-B023-BC9CE4A5945B}.Debug|Any CPU.ActiveCfg = Debug|Any CPU
		{851AFDB6-6E05-46A0-B023-BC9CE4A5945B}.Debug|Any CPU.Build.0 = Debug|Any CPU
		{851AFDB6-6E05-46A0-B023-BC9CE4A5945B}.Release|Any CPU.ActiveCfg = Release|Any CPU
		{851AFDB6-6E05-46A0-B023-BC9CE4A5945B}.Release|Any CPU.Build.0 = Release|Any CPU
	EndGlobalSection
	GlobalSection(SolutionProperties) = preSolution
		HideSolutionNode = FALSE
	EndGlobalSection
	GlobalSection(ExtensibilityGlobals) = postSolution
		SolutionGuid = {F417D74F-F4E9-49D8-9B7D-C5723EEA61BD}
	EndGlobalSection
EndGlobal
